// !$*UTF8*$!
{
	archiveVersion = 1;
	classes = {
	};
	objectVersion = 50;
	objects = {

/* Begin PBXBuildFile section */
		FA0E56D82471496400B2F76B /* MemeBrain.swift in Sources */ = {isa = PBXBuildFile; fileRef = FA0E56D72471496400B2F76B /* MemeBrain.swift */; };
		FAC378AB245809EA0054FDBD /* AppDelegate.swift in Sources */ = {isa = PBXBuildFile; fileRef = FAC378AA245809EA0054FDBD /* AppDelegate.swift */; };
		FAC378AD245809EA0054FDBD /* SceneDelegate.swift in Sources */ = {isa = PBXBuildFile; fileRef = FAC378AC245809EA0054FDBD /* SceneDelegate.swift */; };
		FAC378AF245809EA0054FDBD /* MemeEditorViewController.swift in Sources */ = {isa = PBXBuildFile; fileRef = FAC378AE245809EA0054FDBD /* MemeEditorViewController.swift */; };
		FAC378B2245809EA0054FDBD /* Main.storyboard in Resources */ = {isa = PBXBuildFile; fileRef = FAC378B0245809EA0054FDBD /* Main.storyboard */; };
		FAC378B4245809EC0054FDBD /* Assets.xcassets in Resources */ = {isa = PBXBuildFile; fileRef = FAC378B3245809EC0054FDBD /* Assets.xcassets */; };
		FAC378B7245809EC0054FDBD /* LaunchScreen.storyboard in Resources */ = {isa = PBXBuildFile; fileRef = FAC378B5245809EC0054FDBD /* LaunchScreen.storyboard */; };
/* End PBXBuildFile section */

/* Begin PBXFileReference section */
		FA0E56D72471496400B2F76B /* MemeBrain.swift */ = {isa = PBXFileReference; fileEncoding = 4; lastKnownFileType = sourcecode.swift; path = MemeBrain.swift; sourceTree = "<group>"; };
		FAC378A7245809EA0054FDBD /* MemeMe App.app */ = {isa = PBXFileReference; explicitFileType = wrapper.application; includeInIndex = 0; path = "MemeMe App.app"; sourceTree = BUILT_PRODUCTS_DIR; };
		FAC378AA245809EA0054FDBD /* AppDelegate.swift */ = {isa = PBXFileReference; lastKnownFileType = sourcecode.swift; path = AppDelegate.swift; sourceTree = "<group>"; };
		FAC378AC245809EA0054FDBD /* SceneDelegate.swift */ = {isa = PBXFileReference; lastKnownFileType = sourcecode.swift; path = SceneDelegate.swift; sourceTree = "<group>"; };
		FAC378AE245809EA0054FDBD /* MemeEditorViewController.swift */ = {isa = PBXFileReference; lastKnownFileType = sourcecode.swift; path = MemeEditorViewController.swift; sourceTree = "<group>"; };
		FAC378B1245809EA0054FDBD /* Base */ = {isa = PBXFileReference; lastKnownFileType = file.storyboard; name = Base; path = Base.lproj/Main.storyboard; sourceTree = "<group>"; };
		FAC378B3245809EC0054FDBD /* Assets.xcassets */ = {isa = PBXFileReference; lastKnownFileType = folder.assetcatalog; path = Assets.xcassets; sourceTree = "<group>"; };
		FAC378B6245809EC0054FDBD /* Base */ = {isa = PBXFileReference; lastKnownFileType = file.storyboard; name = Base; path = Base.lproj/LaunchScreen.storyboard; sourceTree = "<group>"; };
		FAC378B8245809EC0054FDBD /* Info.plist */ = {isa = PBXFileReference; lastKnownFileType = text.plist.xml; path = Info.plist; sourceTree = "<group>"; };
/* End PBXFileReference section */

/* Begin PBXFrameworksBuildPhase section */
		FAC378A4245809EA0054FDBD /* Frameworks */ = {
			isa = PBXFrameworksBuildPhase;
			buildActionMask = 2147483647;
			files = (
			);
			runOnlyForDeploymentPostprocessing = 0;
		};
/* End PBXFrameworksBuildPhase section */

/* Begin PBXGroup section */
		FA0E56D42471493800B2F76B /* View */ = {
			isa = PBXGroup;
			children = (
				FAC378B5245809EC0054FDBD /* LaunchScreen.storyboard */,
				FAC378B0245809EA0054FDBD /* Main.storyboard */,
				FAC378B3245809EC0054FDBD /* Assets.xcassets */,
			);
			name = View;
			sourceTree = "<group>";
		};
		FA0E56D52471494200B2F76B /* Model */ = {
			isa = PBXGroup;
			children = (
				FA0E56D72471496400B2F76B /* MemeBrain.swift */,
			);
			name = Model;
			sourceTree = "<group>";
		};
		FA0E56D62471494B00B2F76B /* Controller */ = {
			isa = PBXGroup;
			children = (
				FAC378AE245809EA0054FDBD /* MemeEditorViewController.swift */,
			);
			name = Controller;
			sourceTree = "<group>";
		};
		FAC3789E245809EA0054FDBD = {
			isa = PBXGroup;
			children = (
				FAC378A9245809EA0054FDBD /* MemeMe App */,
				FAC378A8245809EA0054FDBD /* Products */,
			);
			sourceTree = "<group>";
		};
		FAC378A8245809EA0054FDBD /* Products */ = {
			isa = PBXGroup;
			children = (
				FAC378A7245809EA0054FDBD /* MemeMe App.app */,
			);
			name = Products;
			sourceTree = "<group>";
		};
		FAC378A9245809EA0054FDBD /* MemeMe App */ = {
			isa = PBXGroup;
			children = (
				FAC378AA245809EA0054FDBD /* AppDelegate.swift */,
				FAC378AC245809EA0054FDBD /* SceneDelegate.swift */,
				FA0E56D62471494B00B2F76B /* Controller */,
				FA0E56D52471494200B2F76B /* Model */,
				FA0E56D42471493800B2F76B /* View */,
				FAC378B8245809EC0054FDBD /* Info.plist */,
			);
			path = "MemeMe App";
			sourceTree = "<group>";
		};
/* End PBXGroup section */

/* Begin PBXNativeTarget section */
		FAC378A6245809EA0054FDBD /* MemeMe App */ = {
			isa = PBXNativeTarget;
			buildConfigurationList = FAC378BB245809EC0054FDBD /* Build configuration list for PBXNativeTarget "MemeMe App" */;
			buildPhases = (
				FAC378A3245809EA0054FDBD /* Sources */,
				FAC378A4245809EA0054FDBD /* Frameworks */,
				FAC378A5245809EA0054FDBD /* Resources */,
			);
			buildRules = (
			);
			dependencies = (
			);
			name = "MemeMe App";
			productName = "MemeMe App";
			productReference = FAC378A7245809EA0054FDBD /* MemeMe App.app */;
			productType = "com.apple.product-type.application";
		};
/* End PBXNativeTarget section */

/* Begin PBXProject section */
		FAC3789F245809EA0054FDBD /* Project object */ = {
			isa = PBXProject;
			attributes = {
				LastSwiftUpdateCheck = 1140;
				LastUpgradeCheck = 1140;
				ORGANIZATIONNAME = Mac;
				TargetAttributes = {
					FAC378A6245809EA0054FDBD = {
						CreatedOnToolsVersion = 11.4;
					};
				};
			};
			buildConfigurationList = FAC378A2245809EA0054FDBD /* Build configuration list for PBXProject "MemeMe App" */;
			compatibilityVersion = "Xcode 9.3";
			developmentRegion = en;
			hasScannedForEncodings = 0;
			knownRegions = (
				en,
				Base,
			);
			mainGroup = FAC3789E245809EA0054FDBD;
			productRefGroup = FAC378A8245809EA0054FDBD /* Products */;
			projectDirPath = "";
			projectRoot = "";
			targets = (
				FAC378A6245809EA0054FDBD /* MemeMe App */,
			);
		};
/* End PBXProject section */

/* Begin PBXResourcesBuildPhase section */
		FAC378A5245809EA0054FDBD /* Resources */ = {
			isa = PBXResourcesBuildPhase;
			buildActionMask = 2147483647;
			files = (
				FAC378B7245809EC0054FDBD /* LaunchScreen.storyboard in Resources */,
				FAC378B4245809EC0054FDBD /* Assets.xcassets in Resources */,
				FAC378B2245809EA0054FDBD /* Main.storyboard in Resources */,
			);
			runOnlyForDeploymentPostprocessing = 0;
		};
/* End PBXResourcesBuildPhase section */

/* Begin PBXSourcesBuildPhase section */
		FAC378A3245809EA0054FDBD /* Sources */ = {
			isa = PBXSourcesBuildPhase;
			buildActionMask = 2147483647;
			files = (
				FAC378AF245809EA0054FDBD /* MemeEditorViewController.swift in Sources */,
				FA0E56D82471496400B2F76B /* MemeBrain.swift in Sources */,
				FAC378AB245809EA0054FDBD /* AppDelegate.swift in Sources */,
				FAC378AD245809EA0054FDBD /* SceneDelegate.swift in Sources */,
			);
			runOnlyForDeploymentPostprocessing = 0;
		};
/* End PBXSourcesBuildPhase section */

/* Begin PBXVariantGroup section */
		FAC378B0245809EA0054FDBD /* Main.storyboard */ = {
			isa = PBXVariantGroup;
			children = (
				FAC378B1245809EA0054FDBD /* Base */,
			);
			name = Main.storyboard;
			sourceTree = "<group>";
		};
		FAC378B5245809EC0054FDBD /* LaunchScreen.storyboard */ = {
			isa = PBXVariantGroup;
			children = (
				FAC378B6245809EC0054FDBD /* Base */,
			);
			name = LaunchScreen.storyboard;
			sourceTree = "<group>";
		};
/* End PBXVariantGroup section */

/* Begin XCBuildConfiguration section */
		FAC378B9245809EC0054FDBD /* Debug */ = {
			isa = XCBuildConfiguration;
			buildSettings = {
				ALWAYS_SEARCH_USER_PATHS = NO;
				CLANG_ANALYZER_NONNULL = YES;
				CLANG_ANALYZER_NUMBER_OBJECT_CONVERSION = YES_AGGRESSIVE;
				CLANG_CXX_LANGUAGE_STANDARD = "gnu++14";
				CLANG_CXX_LIBRARY = "libc++";
				CLANG_ENABLE_MODULES = YES;
				CLANG_ENABLE_OBJC_ARC = YES;
				CLANG_ENABLE_OBJC_WEAK = YES;
				CLANG_WARN_BLOCK_CAPTURE_AUTORELEASING = YES;
				CLANG_WARN_BOOL_CONVERSION = YES;
				CLANG_WARN_COMMA = YES;
				CLANG_WARN_CONSTANT_CONVERSION = YES;
				CLANG_WARN_DEPRECATED_OBJC_IMPLEMENTATIONS = YES;
				CLANG_WARN_DIRECT_OBJC_ISA_USAGE = YES_ERROR;
				CLANG_WARN_DOCUMENTATION_COMMENTS = YES;
				CLANG_WARN_EMPTY_BODY = YES;
				CLANG_WARN_ENUM_CONVERSION = YES;
				CLANG_WARN_INFINITE_RECURSION = YES;
				CLANG_WARN_INT_CONVERSION = YES;
				CLANG_WARN_NON_LITERAL_NULL_CONVERSION = YES;
				CLANG_WARN_OBJC_IMPLICIT_RETAIN_SELF = YES;
				CLANG_WARN_OBJC_LITERAL_CONVERSION = YES;
				CLANG_WARN_OBJC_ROOT_CLASS = YES_ERROR;
				CLANG_WARN_RANGE_LOOP_ANALYSIS = YES;
				CLANG_WARN_STRICT_PROTOTYPES = YES;
				CLANG_WARN_SUSPICIOUS_MOVE = YES;
				CLANG_WARN_UNGUARDED_AVAILABILITY = YES_AGGRESSIVE;
				CLANG_WARN_UNREACHABLE_CODE = YES;
				CLANG_WARN__DUPLICATE_METHOD_MATCH = YES;
				COPY_PHASE_STRIP = NO;
				DEBUG_INFORMATION_FORMAT = dwarf;
				ENABLE_STRICT_OBJC_MSGSEND = YES;
				ENABLE_TESTABILITY = YES;
				GCC_C_LANGUAGE_STANDARD = gnu11;
				GCC_DYNAMIC_NO_PIC = NO;
				GCC_NO_COMMON_BLOCKS = YES;
				GCC_OPTIMIZATION_LEVEL = 0;
				GCC_PREPROCESSOR_DEFINITIONS = (
					"DEBUG=1",
					"$(inherited)",
				);
				GCC_WARN_64_TO_32_BIT_CONVERSION = YES;
				GCC_WARN_ABOUT_RETURN_TYPE = YES_ERROR;
				GCC_WARN_UNDECLARED_SELECTOR = YES;
				GCC_WARN_UNINITIALIZED_AUTOS = YES_AGGRESSIVE;
				GCC_WARN_UNUSED_FUNCTION = YES;
				GCC_WARN_UNUSED_VARIABLE = YES;
				IPHONEOS_DEPLOYMENT_TARGET = 13.4;
				MTL_ENABLE_DEBUG_INFO = INCLUDE_SOURCE;
				MTL_FAST_MATH = YES;
				ONLY_ACTIVE_ARCH = YES;
				SDKROOT = iphoneos;
				SWIFT_ACTIVE_COMPILATION_CONDITIONS = DEBUG;
				SWIFT_OPTIMIZATION_LEVEL = "-Onone";
			};
			name = Debug;
		};
		FAC378BA245809EC0054FDBD /* Release */ = {
			isa = XCBuildConfiguration;
			buildSettings = {
				ALWAYS_SEARCH_USER_PATHS = NO;
				CLANG_ANALYZER_NONNULL = YES;
				CLANG_ANALYZER_NUMBER_OBJECT_CONVERSION = YES_AGGRESSIVE;
				CLANG_CXX_LANGUAGE_STANDARD = "gnu++14";
				CLANG_CXX_LIBRARY = "libc++";
				CLANG_ENABLE_MODULES = YES;
				CLANG_ENABLE_OBJC_ARC = YES;
				CLANG_ENABLE_OBJC_WEAK = YES;
				CLANG_WARN_BLOCK_CAPTURE_AUTORELEASING = YES;
				CLANG_WARN_BOOL_CONVERSION = YES;
				CLANG_WARN_COMMA = YES;
				CLANG_WARN_CONSTANT_CONVERSION = YES;
				CLANG_WARN_DEPRECATED_OBJC_IMPLEMENTATIONS = YES;
				CLANG_WARN_DIRECT_OBJC_ISA_USAGE = YES_ERROR;
				CLANG_WARN_DOCUMENTATION_COMMENTS = YES;
				CLANG_WARN_EMPTY_BODY = YES;
				CLANG_WARN_ENUM_CONVERSION = YES;
				CLANG_WARN_INFINITE_RECURSION = YES;
				CLANG_WARN_INT_CONVERSION = YES;
				CLANG_WARN_NON_LITERAL_NULL_CONVERSION = YES;
				CLANG_WARN_OBJC_IMPLICIT_RETAIN_SELF = YES;
				CLANG_WARN_OBJC_LITERAL_CONVERSION = YES;
				CLANG_WARN_OBJC_ROOT_CLASS = YES_ERROR;
				CLANG_WARN_RANGE_LOOP_ANALYSIS = YES;
				CLANG_WARN_STRICT_PROTOTYPES = YES;
				CLANG_WARN_SUSPICIOUS_MOVE = YES;
				CLANG_WARN_UNGUARDED_AVAILABILITY = YES_AGGRESSIVE;
				CLANG_WARN_UNREACHABLE_CODE = YES;
				CLANG_WARN__DUPLICATE_METHOD_MATCH = YES;
				COPY_PHASE_STRIP = NO;
				DEBUG_INFORMATION_FORMAT = "dwarf-with-dsym";
				ENABLE_NS_ASSERTIONS = NO;
				ENABLE_STRICT_OBJC_MSGSEND = YES;
				GCC_C_LANGUAGE_STANDARD = gnu11;
				GCC_NO_COMMON_BLOCKS = YES;
				GCC_WARN_64_TO_32_BIT_CONVERSION = YES;
				GCC_WARN_ABOUT_RETURN_TYPE = YES_ERROR;
				GCC_WARN_UNDECLARED_SELECTOR = YES;
				GCC_WARN_UNINITIALIZED_AUTOS = YES_AGGRESSIVE;
				GCC_WARN_UNUSED_FUNCTION = YES;
				GCC_WARN_UNUSED_VARIABLE = YES;
				IPHONEOS_DEPLOYMENT_TARGET = 13.4;
				MTL_ENABLE_DEBUG_INFO = NO;
				MTL_FAST_MATH = YES;
				SDKROOT = iphoneos;
				SWIFT_COMPILATION_MODE = wholemodule;
				SWIFT_OPTIMIZATION_LEVEL = "-O";
				VALIDATE_PRODUCT = YES;
			};
			name = Release;
		};
		FAC378BC245809EC0054FDBD /* Debug */ = {
			isa = XCBuildConfiguration;
			buildSettings = {
				ASSETCATALOG_COMPILER_APPICON_NAME = AppIcon;
				CODE_SIGN_STYLE = Automatic;
				DEVELOPMENT_TEAM = S6R457336R;
				INFOPLIST_FILE = "MemeMe App/Info.plist";
				IPHONEOS_DEPLOYMENT_TARGET = 13.3;
				LD_RUNPATH_SEARCH_PATHS = (
					"$(inherited)",
					"@executable_path/Frameworks",
				);
				PRODUCT_BUNDLE_IDENTIFIER = "co.alexcantor.MemeMe-App";
				PRODUCT_NAME = "$(TARGET_NAME)";
				SWIFT_VERSION = 5.0;
				TARGETED_DEVICE_FAMILY = "1,2";
			};
			name = Debug;
		};
		FAC378BD245809EC0054FDBD /* Release */ = {
			isa = XCBuildConfiguration;
			buildSettings = {
				ASSETCATALOG_COMPILER_APPICON_NAME = AppIcon;
				CODE_SIGN_STYLE = Automatic;
				DEVELOPMENT_TEAM = S6R457336R;
				INFOPLIST_FILE = "MemeMe App/Info.plist";
				IPHONEOS_DEPLOYMENT_TARGET = 13.3;
				LD_RUNPATH_SEARCH_PATHS = (
					"$(inherited)",
					"@executable_path/Frameworks",
				);
				PRODUCT_BUNDLE_IDENTIFIER = "co.alexcantor.MemeMe-App";
				PRODUCT_NAME = "$(TARGET_NAME)";
				SWIFT_VERSION = 5.0;
				TARGETED_DEVICE_FAMILY = "1,2";
			};
			name = Release;
		};
/* End XCBuildConfiguration section */

/* Begin XCConfigurationList section */
		FAC378A2245809EA0054FDBD /* Build configuration list for PBXProject "MemeMe App" */ = {
			isa = XCConfigurationList;
			buildConfigurations = (
				FAC378B9245809EC0054FDBD /* Debug */,
				FAC378BA245809EC0054FDBD /* Release */,
			);
			defaultConfigurationIsVisible = 0;
			defaultConfigurationName = Release;
		};
		FAC378BB245809EC0054FDBD /* Build configuration list for PBXNativeTarget "MemeMe App" */ = {
			isa = XCConfigurationList;
			buildConfigurations = (
				FAC378BC245809EC0054FDBD /* Debug */,
				FAC378BD245809EC0054FDBD /* Release */,
			);
			defaultConfigurationIsVisible = 0;
			defaultConfigurationName = Release;
		};
/* End XCConfigurationList section */
	};
	rootObject = FAC3789F245809EA0054FDBD /* Project object */;
}
